// !$*UTF8*$!
{
	archiveVersion = 1;
	classes = {
	};
	objectVersion = 46;
	objects = {

/* Begin PBXBuildFile section */
		6A6E1C8416BD7CD200248455 /* Foundation.framework in Frameworks */ = {isa = PBXBuildFile; fileRef = 6A6E1C8316BD7CD200248455 /* Foundation.framework */; };
		6A6E1C8916BD7CD200248455 /* KKToolKit.h in CopyFiles */ = {isa = PBXBuildFile; fileRef = 6A6E1C8816BD7CD200248455 /* KKToolKit.h */; };
		6A6E1C8B16BD7CD200248455 /* KKToolKit.m in Sources */ = {isa = PBXBuildFile; fileRef = 6A6E1C8A16BD7CD200248455 /* KKToolKit.m */; };
		6A6E1CA116BD7DAD00248455 /* NSDate+KKToolKitAdditions.m in Sources */ = {isa = PBXBuildFile; fileRef = 6A6E1C9616BD7DAD00248455 /* NSDate+KKToolKitAdditions.m */; };
		6A6E1CA216BD7DAD00248455 /* KKSHA1Generator.m in Sources */ = {isa = PBXBuildFile; fileRef = 6A6E1C9916BD7DAD00248455 /* KKSHA1Generator.m */; };
		6A6E1CA316BD7DAD00248455 /* UIColor+CustomColors.m in Sources */ = {isa = PBXBuildFile; fileRef = 6A6E1C9C16BD7DAD00248455 /* UIColor+CustomColors.m */; };
		6A6E1CA416BD7DAD00248455 /* UIDevice+Resolutions.m in Sources */ = {isa = PBXBuildFile; fileRef = 6A6E1C9F16BD7DAD00248455 /* UIDevice+Resolutions.m */; };
		6A6E1CBA16BD801800248455 /* NSMutableArray+Shuffle.m in Sources */ = {isa = PBXBuildFile; fileRef = 6A6E1CB616BD801800248455 /* NSMutableArray+Shuffle.m */; };
/* End PBXBuildFile section */

/* Begin PBXCopyFilesBuildPhase section */
		6A6E1C7E16BD7CD200248455 /* CopyFiles */ = {
			isa = PBXCopyFilesBuildPhase;
			buildActionMask = 2147483647;
			dstPath = "include/${PRODUCT_NAME}";
			dstSubfolderSpec = 16;
			files = (
				6A6E1C8916BD7CD200248455 /* KKToolKit.h in CopyFiles */,
			);
			runOnlyForDeploymentPostprocessing = 0;
		};
/* End PBXCopyFilesBuildPhase section */

/* Begin PBXFileReference section */
		6A6E1C8016BD7CD200248455 /* libKKToolKit.a */ = {isa = PBXFileReference; explicitFileType = archive.ar; includeInIndex = 0; path = libKKToolKit.a; sourceTree = BUILT_PRODUCTS_DIR; };
		6A6E1C8316BD7CD200248455 /* Foundation.framework */ = {isa = PBXFileReference; lastKnownFileType = wrapper.framework; name = Foundation.framework; path = System/Library/Frameworks/Foundation.framework; sourceTree = SDKROOT; };
		6A6E1C8716BD7CD200248455 /* KKToolKit-Prefix.pch */ = {isa = PBXFileReference; lastKnownFileType = sourcecode.c.h; path = "KKToolKit-Prefix.pch"; sourceTree = "<group>"; };
		6A6E1C8816BD7CD200248455 /* KKToolKit.h */ = {isa = PBXFileReference; lastKnownFileType = sourcecode.c.h; path = KKToolKit.h; sourceTree = "<group>"; };
		6A6E1C8A16BD7CD200248455 /* KKToolKit.m */ = {isa = PBXFileReference; lastKnownFileType = sourcecode.c.objc; path = KKToolKit.m; sourceTree = "<group>"; };
		6A6E1C9516BD7DAD00248455 /* NSDate+KKToolKitAdditions.h */ = {isa = PBXFileReference; fileEncoding = 4; lastKnownFileType = sourcecode.c.h; path = "NSDate+KKToolKitAdditions.h"; sourceTree = "<group>"; };
		6A6E1C9616BD7DAD00248455 /* NSDate+KKToolKitAdditions.m */ = {isa = PBXFileReference; fileEncoding = 4; lastKnownFileType = sourcecode.c.objc; path = "NSDate+KKToolKitAdditions.m"; sourceTree = "<group>"; };
		6A6E1C9816BD7DAD00248455 /* KKSHA1Generator.h */ = {isa = PBXFileReference; fileEncoding = 4; lastKnownFileType = sourcecode.c.h; path = KKSHA1Generator.h; sourceTree = "<group>"; };
		6A6E1C9916BD7DAD00248455 /* KKSHA1Generator.m */ = {isa = PBXFileReference; fileEncoding = 4; lastKnownFileType = sourcecode.c.objc; path = KKSHA1Generator.m; sourceTree = "<group>"; };
		6A6E1C9B16BD7DAD00248455 /* UIColor+CustomColors.h */ = {isa = PBXFileReference; fileEncoding = 4; lastKnownFileType = sourcecode.c.h; path = "UIColor+CustomColors.h"; sourceTree = "<group>"; };
		6A6E1C9C16BD7DAD00248455 /* UIColor+CustomColors.m */ = {isa = PBXFileReference; fileEncoding = 4; lastKnownFileType = sourcecode.c.objc; path = "UIColor+CustomColors.m"; sourceTree = "<group>"; };
		6A6E1C9E16BD7DAD00248455 /* UIDevice+Resolutions.h */ = {isa = PBXFileReference; fileEncoding = 4; lastKnownFileType = sourcecode.c.h; path = "UIDevice+Resolutions.h"; sourceTree = "<group>"; };
		6A6E1C9F16BD7DAD00248455 /* UIDevice+Resolutions.m */ = {isa = PBXFileReference; fileEncoding = 4; lastKnownFileType = sourcecode.c.objc; path = "UIDevice+Resolutions.m"; sourceTree = "<group>"; };
		6A6E1CB516BD801800248455 /* NSMutableArray+Shuffle.h */ = {isa = PBXFileReference; fileEncoding = 4; lastKnownFileType = sourcecode.c.h; path = "NSMutableArray+Shuffle.h"; sourceTree = "<group>"; };
		6A6E1CB616BD801800248455 /* NSMutableArray+Shuffle.m */ = {isa = PBXFileReference; fileEncoding = 4; lastKnownFileType = sourcecode.c.objc; path = "NSMutableArray+Shuffle.m"; sourceTree = "<group>"; };
/* End PBXFileReference section */

/* Begin PBXFrameworksBuildPhase section */
		6A6E1C7D16BD7CD200248455 /* Frameworks */ = {
			isa = PBXFrameworksBuildPhase;
			buildActionMask = 2147483647;
			files = (
				6A6E1C8416BD7CD200248455 /* Foundation.framework in Frameworks */,
			);
			runOnlyForDeploymentPostprocessing = 0;
		};
/* End PBXFrameworksBuildPhase section */

/* Begin PBXGroup section */
		6A6E1C7516BD7CD200248455 = {
			isa = PBXGroup;
			children = (
				6A6E1C8516BD7CD200248455 /* KKToolKit */,
				6A6E1C8216BD7CD200248455 /* Frameworks */,
				6A6E1C8116BD7CD200248455 /* Products */,
			);
			sourceTree = "<group>";
		};
		6A6E1C8116BD7CD200248455 /* Products */ = {
			isa = PBXGroup;
			children = (
				6A6E1C8016BD7CD200248455 /* libKKToolKit.a */,
			);
			name = Products;
			sourceTree = "<group>";
		};
		6A6E1C8216BD7CD200248455 /* Frameworks */ = {
			isa = PBXGroup;
			children = (
				6A6E1C8316BD7CD200248455 /* Foundation.framework */,
			);
			name = Frameworks;
			sourceTree = "<group>";
		};
		6A6E1C8516BD7CD200248455 /* KKToolKit */ = {
			isa = PBXGroup;
			children = (
				6A6E1C9116BD7DAD00248455 /* Classes */,
				6A6E1C8816BD7CD200248455 /* KKToolKit.h */,
				6A6E1C8A16BD7CD200248455 /* KKToolKit.m */,
				6A6E1C8616BD7CD200248455 /* Supporting Files */,
			);
			path = KKToolKit;
			sourceTree = "<group>";
		};
		6A6E1C8616BD7CD200248455 /* Supporting Files */ = {
			isa = PBXGroup;
			children = (
				6A6E1C8716BD7CD200248455 /* KKToolKit-Prefix.pch */,
			);
			name = "Supporting Files";
			sourceTree = "<group>";
		};
		6A6E1C9116BD7DAD00248455 /* Classes */ = {
			isa = PBXGroup;
			children = (
				6A6E1CB416BD801800248455 /* NSMutableArray */,
				6A6E1C9216BD7DAD00248455 /* NSDate */,
				6A6E1C9716BD7DAD00248455 /* SHA1 */,
				6A6E1C9A16BD7DAD00248455 /* UIColor */,
				6A6E1C9D16BD7DAD00248455 /* UIDevice+Resolutions */,
			);
			path = Classes;
			sourceTree = "<group>";
		};
		6A6E1C9216BD7DAD00248455 /* NSDate */ = {
			isa = PBXGroup;
			children = (
				6A6E1C9516BD7DAD00248455 /* NSDate+KKToolKitAdditions.h */,
				6A6E1C9616BD7DAD00248455 /* NSDate+KKToolKitAdditions.m */,
			);
			path = NSDate;
			sourceTree = "<group>";
		};
		6A6E1C9716BD7DAD00248455 /* SHA1 */ = {
			isa = PBXGroup;
			children = (
				6A6E1C9816BD7DAD00248455 /* KKSHA1Generator.h */,
				6A6E1C9916BD7DAD00248455 /* KKSHA1Generator.m */,
			);
			path = SHA1;
			sourceTree = "<group>";
		};
		6A6E1C9A16BD7DAD00248455 /* UIColor */ = {
			isa = PBXGroup;
			children = (
				6A6E1C9B16BD7DAD00248455 /* UIColor+CustomColors.h */,
				6A6E1C9C16BD7DAD00248455 /* UIColor+CustomColors.m */,
			);
			path = UIColor;
			sourceTree = "<group>";
		};
		6A6E1C9D16BD7DAD00248455 /* UIDevice+Resolutions */ = {
			isa = PBXGroup;
			children = (
				6A6E1C9E16BD7DAD00248455 /* UIDevice+Resolutions.h */,
				6A6E1C9F16BD7DAD00248455 /* UIDevice+Resolutions.m */,
			);
			path = "UIDevice+Resolutions";
			sourceTree = "<group>";
		};
		6A6E1CB416BD801800248455 /* NSMutableArray */ = {
			isa = PBXGroup;
			children = (
				6A6E1CB516BD801800248455 /* NSMutableArray+Shuffle.h */,
				6A6E1CB616BD801800248455 /* NSMutableArray+Shuffle.m */,
			);
			name = NSMutableArray;
			path = NSArray;
			sourceTree = "<group>";
		};
/* End PBXGroup section */

/* Begin PBXNativeTarget section */
		6A6E1C7F16BD7CD200248455 /* KKToolKit */ = {
			isa = PBXNativeTarget;
			buildConfigurationList = 6A6E1C8E16BD7CD200248455 /* Build configuration list for PBXNativeTarget "KKToolKit" */;
			buildPhases = (
				6A6E1C7C16BD7CD200248455 /* Sources */,
				6A6E1C7D16BD7CD200248455 /* Frameworks */,
				6A6E1C7E16BD7CD200248455 /* CopyFiles */,
			);
			buildRules = (
			);
			dependencies = (
			);
			name = KKToolKit;
			productName = KKToolKit;
			productReference = 6A6E1C8016BD7CD200248455 /* libKKToolKit.a */;
			productType = "com.apple.product-type.library.static";
		};
/* End PBXNativeTarget section */

/* Begin PBXProject section */
		6A6E1C7716BD7CD200248455 /* Project object */ = {
			isa = PBXProject;
			attributes = {
				LastUpgradeCheck = 0450;
				ORGANIZATIONNAME = "Kirill Kunst";
			};
			buildConfigurationList = 6A6E1C7A16BD7CD200248455 /* Build configuration list for PBXProject "KKToolKit" */;
			compatibilityVersion = "Xcode 3.2";
			developmentRegion = English;
			hasScannedForEncodings = 0;
			knownRegions = (
				en,
			);
			mainGroup = 6A6E1C7516BD7CD200248455;
			productRefGroup = 6A6E1C8116BD7CD200248455 /* Products */;
			projectDirPath = "";
			projectRoot = "";
			targets = (
				6A6E1C7F16BD7CD200248455 /* KKToolKit */,
			);
		};
/* End PBXProject section */

/* Begin PBXSourcesBuildPhase section */
		6A6E1C7C16BD7CD200248455 /* Sources */ = {
			isa = PBXSourcesBuildPhase;
			buildActionMask = 2147483647;
			files = (
				6A6E1C8B16BD7CD200248455 /* KKToolKit.m in Sources */,
				6A6E1CA116BD7DAD00248455 /* NSDate+KKToolKitAdditions.m in Sources */,
				6A6E1CA216BD7DAD00248455 /* KKSHA1Generator.m in Sources */,
				6A6E1CA316BD7DAD00248455 /* UIColor+CustomColors.m in Sources */,
				6A6E1CA416BD7DAD00248455 /* UIDevice+Resolutions.m in Sources */,
				6A6E1CBA16BD801800248455 /* NSMutableArray+Shuffle.m in Sources */,
			);
			runOnlyForDeploymentPostprocessing = 0;
		};
/* End PBXSourcesBuildPhase section */

/* Begin XCBuildConfiguration section */
		6A6E1C8C16BD7CD200248455 /* Debug */ = {
			isa = XCBuildConfiguration;
			buildSettings = {
				ALWAYS_SEARCH_USER_PATHS = NO;
				CLANG_CXX_LANGUAGE_STANDARD = "gnu++0x";
				CLANG_CXX_LIBRARY = "libc++";
				CLANG_ENABLE_OBJC_ARC = YES;
				CLANG_WARN_EMPTY_BODY = YES;
				CLANG_WARN__DUPLICATE_METHOD_MATCH = YES;
				COPY_PHASE_STRIP = NO;
				GCC_C_LANGUAGE_STANDARD = gnu99;
				GCC_DYNAMIC_NO_PIC = NO;
				GCC_OPTIMIZATION_LEVEL = 0;
				GCC_PREPROCESSOR_DEFINITIONS = (
					"DEBUG=1",
					"$(inherited)",
				);
				GCC_SYMBOLS_PRIVATE_EXTERN = NO;
				GCC_WARN_ABOUT_RETURN_TYPE = YES;
				GCC_WARN_UNINITIALIZED_AUTOS = YES;
				GCC_WARN_UNUSED_VARIABLE = YES;
				IPHONEOS_DEPLOYMENT_TARGET = 6.0;
				ONLY_ACTIVE_ARCH = YES;
				SDKROOT = iphoneos;
			};
			name = Debug;
		};
		6A6E1C8D16BD7CD200248455 /* Release */ = {
			isa = XCBuildConfiguration;
			buildSettings = {
				ALWAYS_SEARCH_USER_PATHS = NO;
				CLANG_CXX_LANGUAGE_STANDARD = "gnu++0x";
				CLANG_CXX_LIBRARY = "libc++";
				CLANG_ENABLE_OBJC_ARC = YES;
				CLANG_WARN_EMPTY_BODY = YES;
				CLANG_WARN__DUPLICATE_METHOD_MATCH = YES;
				COPY_PHASE_STRIP = YES;
				GCC_C_LANGUAGE_STANDARD = gnu99;
				GCC_WARN_ABOUT_RETURN_TYPE = YES;
				GCC_WARN_UNINITIALIZED_AUTOS = YES;
				GCC_WARN_UNUSED_VARIABLE = YES;
				IPHONEOS_DEPLOYMENT_TARGET = 6.0;
				SDKROOT = iphoneos;
				VALIDATE_PRODUCT = YES;
			};
			name = Release;
		};
		6A6E1C8F16BD7CD200248455 /* Debug */ = {
			isa = XCBuildConfiguration;
			buildSettings = {
				DSTROOT = /tmp/KKToolKit.dst;
				GCC_PRECOMPILE_PREFIX_HEADER = YES;
				GCC_PREFIX_HEADER = "KKToolKit/KKToolKit-Prefix.pch";
				OTHER_LDFLAGS = "-ObjC";
				PRODUCT_NAME = "$(TARGET_NAME)";
				SKIP_INSTALL = YES;
			};
			name = Debug;
		};
		6A6E1C9016BD7CD200248455 /* Release */ = {
			isa = XCBuildConfiguration;
			buildSettings = {
				DSTROOT = /tmp/KKToolKit.dst;
				GCC_PRECOMPILE_PREFIX_HEADER = YES;
				GCC_PREFIX_HEADER = "KKToolKit/KKToolKit-Prefix.pch";
				OTHER_LDFLAGS = "-ObjC";
				PRODUCT_NAME = "$(TARGET_NAME)";
				SKIP_INSTALL = YES;
			};
			name = Release;
		};
/* End XCBuildConfiguration section */

/* Begin XCConfigurationList section */
		6A6E1C7A16BD7CD200248455 /* Build configuration list for PBXProject "KKToolKit" */ = {
			isa = XCConfigurationList;
			buildConfigurations = (
				6A6E1C8C16BD7CD200248455 /* Debug */,
				6A6E1C8D16BD7CD200248455 /* Release */,
			);
			defaultConfigurationIsVisible = 0;
			defaultConfigurationName = Release;
		};
		6A6E1C8E16BD7CD200248455 /* Build configuration list for PBXNativeTarget "KKToolKit" */ = {
			isa = XCConfigurationList;
			buildConfigurations = (
				6A6E1C8F16BD7CD200248455 /* Debug */,
				6A6E1C9016BD7CD200248455 /* Release */,
			);
			defaultConfigurationIsVisible = 0;
		};
/* End XCConfigurationList section */
	};
	rootObject = 6A6E1C7716BD7CD200248455 /* Project object */;
}
